
Microsoft Visual Studio Solution File, Format Version 12.00
# Visual Studio Version 17
VisualStudioVersion = 17.13.35828.75 d17.13
MinimumVisualStudioVersion = 10.0.40219.1
Project("{FAE04EC0-301F-11D3-BF4B-00C04F79EFBC}") = "Gestão de equipamentos", "Gestão de equipamentos\Gestão de equipamentos.csproj", "{B239390C-C91C-4318-9DDC-5128D5FE5C76}"
EndProject
Global
	GlobalSection(SolutionConfigurationPlatforms) = preSolution
		Debug|Any CPU = Debug|Any CPU
		Release|Any CPU = Release|Any CPU
	EndGlobalSection
	GlobalSection(ProjectConfigurationPlatforms) = postSolution
		{B239390C-C91C-4318-9DDC-5128D5FE5C76}.Debug|Any CPU.ActiveCfg = Debug|Any CPU
		{B239390C-C91C-4318-9DDC-5128D5FE5C76}.Debug|Any CPU.Build.0 = Debug|Any CPU
		{B239390C-C91C-4318-9DDC-5128D5FE5C76}.Release|Any CPU.ActiveCfg = Release|Any CPU
		{B239390C-C91C-4318-9DDC-5128D5FE5C76}.Release|Any CPU.Build.0 = Release|Any CPU
	EndGlobalSection
	GlobalSection(SolutionProperties) = preSolution
		HideSolutionNode = FALSE
	EndGlobalSection
	GlobalSection(ExtensibilityGlobals) = postSolution
		SolutionGuid = {06E1EDD2-DD7B-4331-83C4-FBC107B02AE5}
	EndGlobalSection
EndGlobal
